
Microsoft Visual Studio Solution File, Format Version 12.00
# Visual Studio Version 17
VisualStudioVersion = 17.13.35913.81 d17.13
MinimumVisualStudioVersion = 10.0.40219.1
Project("{2150E333-8FDC-42A3-9474-1A3956D46DE8}") = "FrontEnd", "FrontEnd", "{02EA681E-C7D8-13C7-8484-4AC65E1B71E8}"
EndProject
Project("{2150E333-8FDC-42A3-9474-1A3956D46DE8}") = "Gateway", "Gateway", "{369CB01D-A1A7-72D2-AABC-3F0945D148A2}"
EndProject
Project("{2150E333-8FDC-42A3-9474-1A3956D46DE8}") = "Integration", "Integration", "{7DC331D0-3EC4-40A6-69FB-1CBEB2E0D1EA}"
EndProject
Project("{2150E333-8FDC-42A3-9474-1A3956D46DE8}") = "Services", "Services", "{643747C7-0307-8931-84D8-A7D1915E22E5}"
EndProject
Project("{FAE04EC0-301F-11D3-BF4B-00C04F79EFBC}") = "EmergencyService.Services.ResponderAPI", "EmergencyService.Services.ResponderAPI\EmergencyService.Services.ResponderAPI.csproj", "{20114C5C-7269-4CE0-818E-3FB4EE66234C}"
EndProject
Global
	GlobalSection(SolutionConfigurationPlatforms) = preSolution
		Debug|Any CPU = Debug|Any CPU
		Release|Any CPU = Release|Any CPU
	EndGlobalSection
	GlobalSection(ProjectConfigurationPlatforms) = postSolution
		{20114C5C-7269-4CE0-818E-3FB4EE66234C}.Debug|Any CPU.ActiveCfg = Debug|Any CPU
		{20114C5C-7269-4CE0-818E-3FB4EE66234C}.Debug|Any CPU.Build.0 = Debug|Any CPU
		{20114C5C-7269-4CE0-818E-3FB4EE66234C}.Release|Any CPU.ActiveCfg = Release|Any CPU
		{20114C5C-7269-4CE0-818E-3FB4EE66234C}.Release|Any CPU.Build.0 = Release|Any CPU
	EndGlobalSection
	GlobalSection(SolutionProperties) = preSolution
		HideSolutionNode = FALSE
	EndGlobalSection
	GlobalSection(NestedProjects) = preSolution
		{20114C5C-7269-4CE0-818E-3FB4EE66234C} = {643747C7-0307-8931-84D8-A7D1915E22E5}
	EndGlobalSection
	GlobalSection(ExtensibilityGlobals) = postSolution
		SolutionGuid = {3DA64B3D-252E-4877-9F66-8E435223AEF9}
	EndGlobalSection
EndGlobal
